
Microsoft Visual Studio Solution File, Format Version 12.00
# Visual Studio Version 17
VisualStudioVersion = 17.5.33424.131
MinimumVisualStudioVersion = 10.0.40219.1
Project("{FAE04EC0-301F-11D3-BF4B-00C04F79EFBC}") = "KinoPlus.API", "KinoPlus.API\KinoPlus.API.csproj", "{3DE59D75-0702-440F-B2A7-066C6BBC3A40}"
EndProject
Project("{FAE04EC0-301F-11D3-BF4B-00C04F79EFBC}") = "KinoPlus.Services", "KinoPlus.Services\KinoPlus.Services.csproj", "{EFAE716C-60A5-4FA0-80E5-5ABAC5B206EB}"
EndProject
Project("{FAE04EC0-301F-11D3-BF4B-00C04F79EFBC}") = "KinoPlus.Models", "KinoPlus.Models\KinoPlus.Models.csproj", "{3F85DF99-26B1-4309-B06D-D6F23E06589A}"
EndProject
Project("{FAE04EC0-301F-11D3-BF4B-00C04F79EFBC}") = "KinoPlus.WinUI", "KinoPlus.WinUI\KinoPlus.WinUI.csproj", "{7D47E7C8-8363-438C-9F97-80B4CA704A63}"
EndProject
Global
	GlobalSection(SolutionConfigurationPlatforms) = preSolution
		Debug|Any CPU = Debug|Any CPU
		Release|Any CPU = Release|Any CPU
	EndGlobalSection
	GlobalSection(ProjectConfigurationPlatforms) = postSolution
		{3DE59D75-0702-440F-B2A7-066C6BBC3A40}.Debug|Any CPU.ActiveCfg = Debug|Any CPU
		{3DE59D75-0702-440F-B2A7-066C6BBC3A40}.Debug|Any CPU.Build.0 = Debug|Any CPU
		{3DE59D75-0702-440F-B2A7-066C6BBC3A40}.Release|Any CPU.ActiveCfg = Release|Any CPU
		{3DE59D75-0702-440F-B2A7-066C6BBC3A40}.Release|Any CPU.Build.0 = Release|Any CPU
		{EFAE716C-60A5-4FA0-80E5-5ABAC5B206EB}.Debug|Any CPU.ActiveCfg = Debug|Any CPU
		{EFAE716C-60A5-4FA0-80E5-5ABAC5B206EB}.Debug|Any CPU.Build.0 = Debug|Any CPU
		{EFAE716C-60A5-4FA0-80E5-5ABAC5B206EB}.Release|Any CPU.ActiveCfg = Release|Any CPU
		{EFAE716C-60A5-4FA0-80E5-5ABAC5B206EB}.Release|Any CPU.Build.0 = Release|Any CPU
		{3F85DF99-26B1-4309-B06D-D6F23E06589A}.Debug|Any CPU.ActiveCfg = Debug|Any CPU
		{3F85DF99-26B1-4309-B06D-D6F23E06589A}.Debug|Any CPU.Build.0 = Debug|Any CPU
		{3F85DF99-26B1-4309-B06D-D6F23E06589A}.Release|Any CPU.ActiveCfg = Release|Any CPU
		{3F85DF99-26B1-4309-B06D-D6F23E06589A}.Release|Any CPU.Build.0 = Release|Any CPU
		{7D47E7C8-8363-438C-9F97-80B4CA704A63}.Debug|Any CPU.ActiveCfg = Debug|Any CPU
		{7D47E7C8-8363-438C-9F97-80B4CA704A63}.Debug|Any CPU.Build.0 = Debug|Any CPU
		{7D47E7C8-8363-438C-9F97-80B4CA704A63}.Release|Any CPU.ActiveCfg = Release|Any CPU
		{7D47E7C8-8363-438C-9F97-80B4CA704A63}.Release|Any CPU.Build.0 = Release|Any CPU
	EndGlobalSection
	GlobalSection(SolutionProperties) = preSolution
		HideSolutionNode = FALSE
	EndGlobalSection
	GlobalSection(ExtensibilityGlobals) = postSolution
		SolutionGuid = {27C2E19A-2B0C-40D3-976E-0391040B7DBC}
	EndGlobalSection
EndGlobal
